
Microsoft Visual Studio Solution File, Format Version 12.00
# Visual Studio 15
VisualStudioVersion = 15.0.27130.2010
MinimumVisualStudioVersion = 10.0.40219.1
Project("{FAE04EC0-301F-11D3-BF4B-00C04F79EFBC}") = "MicwayTMS", "MicwayTMS\MicwayTMS.csproj", "{A5EFE112-9817-4ABC-9590-8A45D173DD65}"
EndProject
Project("{FAE04EC0-301F-11D3-BF4B-00C04F79EFBC}") = "TMSView", "TMSView\TMSView.csproj", "{8DB22B66-1A62-4050-B096-38784DCF79F1}"
EndProject
Global
	GlobalSection(SolutionConfigurationPlatforms) = preSolution
		Debug|Any CPU = Debug|Any CPU
		Release|Any CPU = Release|Any CPU
	EndGlobalSection
	GlobalSection(ProjectConfigurationPlatforms) = postSolution
		{A5EFE112-9817-4ABC-9590-8A45D173DD65}.Debug|Any CPU.ActiveCfg = Debug|Any CPU
		{A5EFE112-9817-4ABC-9590-8A45D173DD65}.Debug|Any CPU.Build.0 = Debug|Any CPU
		{A5EFE112-9817-4ABC-9590-8A45D173DD65}.Release|Any CPU.ActiveCfg = Release|Any CPU
		{A5EFE112-9817-4ABC-9590-8A45D173DD65}.Release|Any CPU.Build.0 = Release|Any CPU
		{8DB22B66-1A62-4050-B096-38784DCF79F1}.Debug|Any CPU.ActiveCfg = Debug|Any CPU
		{8DB22B66-1A62-4050-B096-38784DCF79F1}.Debug|Any CPU.Build.0 = Debug|Any CPU
		{8DB22B66-1A62-4050-B096-38784DCF79F1}.Release|Any CPU.ActiveCfg = Release|Any CPU
		{8DB22B66-1A62-4050-B096-38784DCF79F1}.Release|Any CPU.Build.0 = Release|Any CPU
	EndGlobalSection
	GlobalSection(SolutionProperties) = preSolution
		HideSolutionNode = FALSE
	EndGlobalSection
	GlobalSection(ExtensibilityGlobals) = postSolution
		SolutionGuid = {D1DB60AD-EB8D-40A4-87BB-C6ED8BA38CE6}
	EndGlobalSection
EndGlobal
